
Microsoft Visual Studio Solution File, Format Version 12.00
# Visual Studio Version 17
VisualStudioVersion = 17.2.32505.173
MinimumVisualStudioVersion = 10.0.40219.1
Project("{FAE04EC0-301F-11D3-BF4B-00C04F79EFBC}") = "IS-1-20-LazarevVA-U", "IS-1-20-LazarevVA-U\IS-1-20-LazarevVA-U.csproj", "{69CD0B04-58A4-4862-8262-E3B6022A8276}"
EndProject
Project("{FAE04EC0-301F-11D3-BF4B-00C04F79EFBC}") = "ConnectDB", "ConnectDB\ConnectDB.csproj", "{0C2C6EEA-921B-4ABF-AB0F-B93F11FEEB42}"
EndProject
Global
	GlobalSection(SolutionConfigurationPlatforms) = preSolution
		Debug|Any CPU = Debug|Any CPU
		Release|Any CPU = Release|Any CPU
	EndGlobalSection
	GlobalSection(ProjectConfigurationPlatforms) = postSolution
		{69CD0B04-58A4-4862-8262-E3B6022A8276}.Debug|Any CPU.ActiveCfg = Debug|Any CPU
		{69CD0B04-58A4-4862-8262-E3B6022A8276}.Debug|Any CPU.Build.0 = Debug|Any CPU
		{69CD0B04-58A4-4862-8262-E3B6022A8276}.Release|Any CPU.ActiveCfg = Release|Any CPU
		{69CD0B04-58A4-4862-8262-E3B6022A8276}.Release|Any CPU.Build.0 = Release|Any CPU
		{0C2C6EEA-921B-4ABF-AB0F-B93F11FEEB42}.Debug|Any CPU.ActiveCfg = Debug|Any CPU
		{0C2C6EEA-921B-4ABF-AB0F-B93F11FEEB42}.Debug|Any CPU.Build.0 = Debug|Any CPU
		{0C2C6EEA-921B-4ABF-AB0F-B93F11FEEB42}.Release|Any CPU.ActiveCfg = Release|Any CPU
		{0C2C6EEA-921B-4ABF-AB0F-B93F11FEEB42}.Release|Any CPU.Build.0 = Release|Any CPU
	EndGlobalSection
	GlobalSection(SolutionProperties) = preSolution
		HideSolutionNode = FALSE
	EndGlobalSection
	GlobalSection(ExtensibilityGlobals) = postSolution
		SolutionGuid = {7F4C314D-7BF2-40D4-BA18-5B16BE61E1FC}
	EndGlobalSection
EndGlobal
